// !$*UTF8*$!
{
	archiveVersion = 1;
	classes = {
	};
	objectVersion = 46;
	objects = {

/* Begin PBXBuildFile section */
		0901072C0D2144C2D01D103C /* Pods_photowall_photowallTests.framework in Frameworks */ = {isa = PBXBuildFile; fileRef = 03D7C38FF52C51B46ED445C4 /* Pods_photowall_photowallTests.framework */; };
		1E0804FF1E9D323700C43CEB /* UIColor+Defaults.m in Sources */ = {isa = PBXBuildFile; fileRef = 1E0804FE1E9D323700C43CEB /* UIColor+Defaults.m */; };
		1E0DCDFA1EB4656100C6316E /* NSDate+Utils.m in Sources */ = {isa = PBXBuildFile; fileRef = 1E0DCDF91EB4656100C6316E /* NSDate+Utils.m */; };
		1E0DCDFE1EB4781800C6316E /* PhotoGridSectionHeader.m in Sources */ = {isa = PBXBuildFile; fileRef = 1E0DCDFC1EB4781800C6316E /* PhotoGridSectionHeader.m */; };
		1E0DCDFF1EB4781800C6316E /* PhotoGridSectionHeader.xib in Resources */ = {isa = PBXBuildFile; fileRef = 1E0DCDFD1EB4781800C6316E /* PhotoGridSectionHeader.xib */; };
		1E0DCE051EB48B2100C6316E /* PhotoMapRegion.m in Sources */ = {isa = PBXBuildFile; fileRef = 1E0DCE041EB48B2100C6316E /* PhotoMapRegion.m */; };
		1E0DCE081EB48CBC00C6316E /* PhotoMapRegion+Utils.m in Sources */ = {isa = PBXBuildFile; fileRef = 1E0DCE071EB48CBC00C6316E /* PhotoMapRegion+Utils.m */; };
		1E13CA781E90C164000DBF74 /* ProfileViewController.m in Sources */ = {isa = PBXBuildFile; fileRef = 1E13CA761E90C164000DBF74 /* ProfileViewController.m */; };
		1E13CA791E90C164000DBF74 /* ProfileView.xib in Resources */ = {isa = PBXBuildFile; fileRef = 1E13CA771E90C164000DBF74 /* ProfileView.xib */; };
		1E13CA7D1E90C1A5000DBF74 /* PhotoMapViewController.m in Sources */ = {isa = PBXBuildFile; fileRef = 1E13CA7B1E90C1A5000DBF74 /* PhotoMapViewController.m */; };
		1E13CA7E1E90C1A5000DBF74 /* PhotoMapView.xib in Resources */ = {isa = PBXBuildFile; fileRef = 1E13CA7C1E90C1A5000DBF74 /* PhotoMapView.xib */; };
		1E13CA821E90C1DD000DBF74 /* FriendsViewController.m in Sources */ = {isa = PBXBuildFile; fileRef = 1E13CA801E90C1DD000DBF74 /* FriendsViewController.m */; };
		1E13CA831E90C1DD000DBF74 /* FriendsListView.xib in Resources */ = {isa = PBXBuildFile; fileRef = 1E13CA811E90C1DD000DBF74 /* FriendsListView.xib */; };
		1E13CA8C1E90C297000DBF74 /* PhotoGridViewController.m in Sources */ = {isa = PBXBuildFile; fileRef = 1E13CA8A1E90C297000DBF74 /* PhotoGridViewController.m */; };
		1E13CA8D1E90C297000DBF74 /* PhotoGridView.xib in Resources */ = {isa = PBXBuildFile; fileRef = 1E13CA8B1E90C297000DBF74 /* PhotoGridView.xib */; };
		1E13CA901E90CC8B000DBF74 /* UIView+Utils.m in Sources */ = {isa = PBXBuildFile; fileRef = 1E13CA8F1E90CC8B000DBF74 /* UIView+Utils.m */; };
		1E13CA921E90CFFF000DBF74 /* MapKit.framework in Frameworks */ = {isa = PBXBuildFile; fileRef = 1E13CA911E90CFFF000DBF74 /* MapKit.framework */; };
		1E18E7A61E88C1A500200DC0 /* KeyChainSecuredAuthenticator.m in Sources */ = {isa = PBXBuildFile; fileRef = 1E18E7A51E88C1A500200DC0 /* KeyChainSecuredAuthenticator.m */; };
		1E18E7A81E88DE6600200DC0 /* RestClientTests.m in Sources */ = {isa = PBXBuildFile; fileRef = 1E18E7A71E88DE6600200DC0 /* RestClientTests.m */; };
		1E18E7AB1E88E1B000200DC0 /* AccountManager.m in Sources */ = {isa = PBXBuildFile; fileRef = 1E18E7AA1E88E1B000200DC0 /* AccountManager.m */; };
		1E18E7B01E88E4AB00200DC0 /* NSString+Utils.m in Sources */ = {isa = PBXBuildFile; fileRef = 1E18E7AF1E88E4AB00200DC0 /* NSString+Utils.m */; };
		1E18E7B41E88E8B100200DC0 /* NSStringUtilsTests.m in Sources */ = {isa = PBXBuildFile; fileRef = 1E18E7B31E88E8B100200DC0 /* NSStringUtilsTests.m */; };
		1E18E7B71E88EF3400200DC0 /* User.m in Sources */ = {isa = PBXBuildFile; fileRef = 1E18E7B61E88EF3400200DC0 /* User.m */; };
		1E18E7BB1E88EF4600200DC0 /* _User.m in Sources */ = {isa = PBXBuildFile; fileRef = 1E18E7BA1E88EF4600200DC0 /* _User.m */; };
		1E5B4EF81E8619DD003F1239 /* main.m in Sources */ = {isa = PBXBuildFile; fileRef = 1E5B4EF71E8619DD003F1239 /* main.m */; };
		1E5B4EFB1E8619DD003F1239 /* AppDelegate.m in Sources */ = {isa = PBXBuildFile; fileRef = 1E5B4EFA1E8619DD003F1239 /* AppDelegate.m */; };
		1E5B4F041E8619DD003F1239 /* photowall.xcdatamodeld in Sources */ = {isa = PBXBuildFile; fileRef = 1E5B4F021E8619DD003F1239 /* photowall.xcdatamodeld */; };
		1E5B4F141E8619DD003F1239 /* photowallTests.m in Sources */ = {isa = PBXBuildFile; fileRef = 1E5B4F131E8619DD003F1239 /* photowallTests.m */; };
		1E9B85101E9892430081B251 /* FriendCell.m in Sources */ = {isa = PBXBuildFile; fileRef = 1E9B850E1E9892430081B251 /* FriendCell.m */; };
		1E9B85111E9892430081B251 /* FriendCell.xib in Resources */ = {isa = PBXBuildFile; fileRef = 1E9B850F1E9892430081B251 /* FriendCell.xib */; };
		1E9B85141E98B04F0081B251 /* Mapping2.xcmappingmodel in Sources */ = {isa = PBXBuildFile; fileRef = 1E9B85131E98B04F0081B251 /* Mapping2.xcmappingmodel */; };
		1E9B85171E98B7800081B251 /* Strings.strings in Resources */ = {isa = PBXBuildFile; fileRef = 1E9B85151E98B7800081B251 /* Strings.strings */; };
		1E9E46491E99CF84008613AB /* UIImageView+WebImage.m in Sources */ = {isa = PBXBuildFile; fileRef = 1E9E46481E99CF84008613AB /* UIImageView+WebImage.m */; };
		1E9E464C1E99D853008613AB /* Photo.m in Sources */ = {isa = PBXBuildFile; fileRef = 1E9E464B1E99D853008613AB /* Photo.m */; };
		1E9E464F1E99D86B008613AB /* PhotoManager.m in Sources */ = {isa = PBXBuildFile; fileRef = 1E9E464E1E99D86B008613AB /* PhotoManager.m */; };
		1E9E46511E99FCC3008613AB /* CoreLocation.framework in Frameworks */ = {isa = PBXBuildFile; fileRef = 1E9E46501E99FCC3008613AB /* CoreLocation.framework */; };
		1E9E46541E9A0341008613AB /* LocationAwarePhotoUploadTask.m in Sources */ = {isa = PBXBuildFile; fileRef = 1E9E46531E9A0341008613AB /* LocationAwarePhotoUploadTask.m */; };
		1EA8159E1E89063F00AD4B0F /* AccountManagerTests.m in Sources */ = {isa = PBXBuildFile; fileRef = 1EA8159D1E89063F00AD4B0F /* AccountManagerTests.m */; };
		1EB67E7C1E88A07900BF4498 /* RestRequestTests.m in Sources */ = {isa = PBXBuildFile; fileRef = 1EB67E7B1E88A07900BF4498 /* RestRequestTests.m */; };
		1EB8DF8F1E8F4B9300FB67B6 /* UserManager.m in Sources */ = {isa = PBXBuildFile; fileRef = 1EB8DF8E1E8F4B9300FB67B6 /* UserManager.m */; };
		1EB8DF941E8F830C00FB67B6 /* LoginViewController.m in Sources */ = {isa = PBXBuildFile; fileRef = 1EB8DF921E8F830C00FB67B6 /* LoginViewController.m */; };
		1EB8DF951E8F830C00FB67B6 /* LoginView.xib in Resources */ = {isa = PBXBuildFile; fileRef = 1EB8DF931E8F830C00FB67B6 /* LoginView.xib */; };
		1EB8DF971E8F988D00FB67B6 /* Images.xcassets in Resources */ = {isa = PBXBuildFile; fileRef = 1EB8DF961E8F988D00FB67B6 /* Images.xcassets */; };
		1EBCF1A71EAC8DCE00C2FDFA /* MaskView.xib in Resources */ = {isa = PBXBuildFile; fileRef = 1EBCF1A61EAC8DCE00C2FDFA /* MaskView.xib */; };
		1EBCF1AA1EAC8E8A00C2FDFA /* UIViewController+Mask.m in Sources */ = {isa = PBXBuildFile; fileRef = 1EBCF1A91EAC8E8A00C2FDFA /* UIViewController+Mask.m */; };
		1EBCF1AE1EAC929E00C2FDFA /* PhotoCell.m in Sources */ = {isa = PBXBuildFile; fileRef = 1EBCF1AC1EAC929E00C2FDFA /* PhotoCell.m */; };
		1EBCF1AF1EAC929E00C2FDFA /* PhotoCell.xib in Resources */ = {isa = PBXBuildFile; fileRef = 1EBCF1AD1EAC929E00C2FDFA /* PhotoCell.xib */; };
		1EC8C3CD1EB4E0B600029BF0 /* PhotoAnnotation.m in Sources */ = {isa = PBXBuildFile; fileRef = 1EC8C3CC1EB4E0B600029BF0 /* PhotoAnnotation.m */; };
		1ECB6F8B1E86566100BA0D77 /* RestRequest.m in Sources */ = {isa = PBXBuildFile; fileRef = 1ECB6F8A1E86566100BA0D77 /* RestRequest.m */; };
		1ECB6F8E1E86570600BA0D77 /* RestResponse.m in Sources */ = {isa = PBXBuildFile; fileRef = 1ECB6F8D1E86570600BA0D77 /* RestResponse.m */; };
		1ECB6F911E86676200BA0D77 /* RestClient.m in Sources */ = {isa = PBXBuildFile; fileRef = 1ECB6F901E86676200BA0D77 /* RestClient.m */; };
		1ED6B94F1E8FE31700CF0D63 /* RootViewController.m in Sources */ = {isa = PBXBuildFile; fileRef = 1ED6B94D1E8FE31700CF0D63 /* RootViewController.m */; };
		1ED6B9501E8FE31700CF0D63 /* RootView.xib in Resources */ = {isa = PBXBuildFile; fileRef = 1ED6B94E1E8FE31700CF0D63 /* RootView.xib */; };
		1EDAF8771EB5891600BC48B3 /* AnnotationCallOutView.m in Sources */ = {isa = PBXBuildFile; fileRef = 1EDAF8761EB5891600BC48B3 /* AnnotationCallOutView.m */; };
		1EDAF8791EB5893700BC48B3 /* AnnotationCallOutView.xib in Resources */ = {isa = PBXBuildFile; fileRef = 1EDAF8781EB5893700BC48B3 /* AnnotationCallOutView.xib */; };
		1EDAF87D1EB5930100BC48B3 /* PhotoShowcaseViewController.m in Sources */ = {isa = PBXBuildFile; fileRef = 1EDAF87B1EB5930100BC48B3 /* PhotoShowcaseViewController.m */; };
		1EDAF87E1EB5930100BC48B3 /* PhotoShowcaseView.xib in Resources */ = {isa = PBXBuildFile; fileRef = 1EDAF87C1EB5930100BC48B3 /* PhotoShowcaseView.xib */; };
		1EDAF8821EB5AD6600BC48B3 /* PhotoShowcaseCell.m in Sources */ = {isa = PBXBuildFile; fileRef = 1EDAF8801EB5AD6600BC48B3 /* PhotoShowcaseCell.m */; };
		1EDAF8831EB5AD6600BC48B3 /* PhotoShowcaseCell.xib in Resources */ = {isa = PBXBuildFile; fileRef = 1EDAF8811EB5AD6600BC48B3 /* PhotoShowcaseCell.xib */; };
		A42F12C6F93B51B41D5130A9 /* Pods_photowall.framework in Frameworks */ = {isa = PBXBuildFile; fileRef = B074D81CFA303000C95BAFFD /* Pods_photowall.framework */; };
/* End PBXBuildFile section */

/* Begin PBXContainerItemProxy section */
		1E5B4F101E8619DD003F1239 /* PBXContainerItemProxy */ = {
			isa = PBXContainerItemProxy;
			containerPortal = 1E5B4EEB1E8619DC003F1239 /* Project object */;
			proxyType = 1;
			remoteGlobalIDString = 1E5B4EF21E8619DC003F1239;
			remoteInfo = photowall;
		};
/* End PBXContainerItemProxy section */

/* Begin PBXFileReference section */
		03D7C38FF52C51B46ED445C4 /* Pods_photowall_photowallTests.framework */ = {isa = PBXFileReference; explicitFileType = wrapper.framework; includeInIndex = 0; path = Pods_photowall_photowallTests.framework; sourceTree = BUILT_PRODUCTS_DIR; };
		1AE073FC1196A431F3A8B0B9 /* Pods-photowall.release.xcconfig */ = {isa = PBXFileReference; includeInIndex = 1; lastKnownFileType = text.xcconfig; name = "Pods-photowall.release.xcconfig"; path = "Pods/Target Support Files/Pods-photowall/Pods-photowall.release.xcconfig"; sourceTree = "<group>"; };
		1E0804FD1E9D323700C43CEB /* UIColor+Defaults.h */ = {isa = PBXFileReference; fileEncoding = 4; lastKnownFileType = sourcecode.c.h; name = "UIColor+Defaults.h"; path = "Utils/UIColor+Defaults.h"; sourceTree = "<group>"; };
		1E0804FE1E9D323700C43CEB /* UIColor+Defaults.m */ = {isa = PBXFileReference; fileEncoding = 4; lastKnownFileType = sourcecode.c.objc; name = "UIColor+Defaults.m"; path = "Utils/UIColor+Defaults.m"; sourceTree = "<group>"; };
		1E0DCDF81EB4656100C6316E /* NSDate+Utils.h */ = {isa = PBXFileReference; fileEncoding = 4; lastKnownFileType = sourcecode.c.h; name = "NSDate+Utils.h"; path = "Utils/NSDate+Utils.h"; sourceTree = "<group>"; };
		1E0DCDF91EB4656100C6316E /* NSDate+Utils.m */ = {isa = PBXFileReference; fileEncoding = 4; lastKnownFileType = sourcecode.c.objc; name = "NSDate+Utils.m"; path = "Utils/NSDate+Utils.m"; sourceTree = "<group>"; };
		1E0DCDFB1EB4781800C6316E /* PhotoGridSectionHeader.h */ = {isa = PBXFileReference; fileEncoding = 4; lastKnownFileType = sourcecode.c.h; name = PhotoGridSectionHeader.h; path = View/PhotoGridSectionHeader.h; sourceTree = "<group>"; };
		1E0DCDFC1EB4781800C6316E /* PhotoGridSectionHeader.m */ = {isa = PBXFileReference; fileEncoding = 4; lastKnownFileType = sourcecode.c.objc; name = PhotoGridSectionHeader.m; path = View/PhotoGridSectionHeader.m; sourceTree = "<group>"; };
		1E0DCDFD1EB4781800C6316E /* PhotoGridSectionHeader.xib */ = {isa = PBXFileReference; fileEncoding = 4; lastKnownFileType = file.xib; name = PhotoGridSectionHeader.xib; path = View/PhotoGridSectionHeader.xib; sourceTree = "<group>"; };
		1E0DCE031EB48B2100C6316E /* PhotoMapRegion.h */ = {isa = PBXFileReference; fileEncoding = 4; lastKnownFileType = sourcecode.c.h; name = PhotoMapRegion.h; path = Model/PhotoMapRegion.h; sourceTree = "<group>"; };
		1E0DCE041EB48B2100C6316E /* PhotoMapRegion.m */ = {isa = PBXFileReference; fileEncoding = 4; lastKnownFileType = sourcecode.c.objc; name = PhotoMapRegion.m; path = Model/PhotoMapRegion.m; sourceTree = "<group>"; };
		1E0DCE061EB48CBC00C6316E /* PhotoMapRegion+Utils.h */ = {isa = PBXFileReference; fileEncoding = 4; lastKnownFileType = sourcecode.c.h; name = "PhotoMapRegion+Utils.h"; path = "Utils/PhotoMapRegion+Utils.h"; sourceTree = "<group>"; };
		1E0DCE071EB48CBC00C6316E /* PhotoMapRegion+Utils.m */ = {isa = PBXFileReference; fileEncoding = 4; lastKnownFileType = sourcecode.c.objc; name = "PhotoMapRegion+Utils.m"; path = "Utils/PhotoMapRegion+Utils.m"; sourceTree = "<group>"; };
		1E13CA751E90C164000DBF74 /* ProfileViewController.h */ = {isa = PBXFileReference; fileEncoding = 4; lastKnownFileType = sourcecode.c.h; name = ProfileViewController.h; path = View/ProfileViewController.h; sourceTree = "<group>"; };
		1E13CA761E90C164000DBF74 /* ProfileViewController.m */ = {isa = PBXFileReference; fileEncoding = 4; lastKnownFileType = sourcecode.c.objc; name = ProfileViewController.m; path = View/ProfileViewController.m; sourceTree = "<group>"; };
		1E13CA771E90C164000DBF74 /* ProfileView.xib */ = {isa = PBXFileReference; fileEncoding = 4; lastKnownFileType = file.xib; name = ProfileView.xib; path = View/ProfileView.xib; sourceTree = "<group>"; };
		1E13CA7A1E90C1A5000DBF74 /* PhotoMapViewController.h */ = {isa = PBXFileReference; fileEncoding = 4; lastKnownFileType = sourcecode.c.h; name = PhotoMapViewController.h; path = View/PhotoMapViewController.h; sourceTree = "<group>"; };
		1E13CA7B1E90C1A5000DBF74 /* PhotoMapViewController.m */ = {isa = PBXFileReference; fileEncoding = 4; lastKnownFileType = sourcecode.c.objc; name = PhotoMapViewController.m; path = View/PhotoMapViewController.m; sourceTree = "<group>"; };
		1E13CA7C1E90C1A5000DBF74 /* PhotoMapView.xib */ = {isa = PBXFileReference; fileEncoding = 4; lastKnownFileType = file.xib; name = PhotoMapView.xib; path = View/PhotoMapView.xib; sourceTree = "<group>"; };
		1E13CA7F1E90C1DD000DBF74 /* FriendsViewController.h */ = {isa = PBXFileReference; fileEncoding = 4; lastKnownFileType = sourcecode.c.h; name = FriendsViewController.h; path = View/FriendsViewController.h; sourceTree = "<group>"; };
		1E13CA801E90C1DD000DBF74 /* FriendsViewController.m */ = {isa = PBXFileReference; fileEncoding = 4; lastKnownFileType = sourcecode.c.objc; name = FriendsViewController.m; path = View/FriendsViewController.m; sourceTree = "<group>"; };
		1E13CA811E90C1DD000DBF74 /* FriendsListView.xib */ = {isa = PBXFileReference; fileEncoding = 4; lastKnownFileType = file.xib; name = FriendsListView.xib; path = View/FriendsListView.xib; sourceTree = "<group>"; };
		1E13CA891E90C297000DBF74 /* PhotoGridViewController.h */ = {isa = PBXFileReference; fileEncoding = 4; lastKnownFileType = sourcecode.c.h; name = PhotoGridViewController.h; path = View/PhotoGridViewController.h; sourceTree = "<group>"; };
		1E13CA8A1E90C297000DBF74 /* PhotoGridViewController.m */ = {isa = PBXFileReference; fileEncoding = 4; lastKnownFileType = sourcecode.c.objc; name = PhotoGridViewController.m; path = View/PhotoGridViewController.m; sourceTree = "<group>"; };
		1E13CA8B1E90C297000DBF74 /* PhotoGridView.xib */ = {isa = PBXFileReference; fileEncoding = 4; lastKnownFileType = file.xib; name = PhotoGridView.xib; path = View/PhotoGridView.xib; sourceTree = "<group>"; };
		1E13CA8E1E90CC8B000DBF74 /* UIView+Utils.h */ = {isa = PBXFileReference; fileEncoding = 4; lastKnownFileType = sourcecode.c.h; name = "UIView+Utils.h"; path = "Utils/UIView+Utils.h"; sourceTree = "<group>"; };
		1E13CA8F1E90CC8B000DBF74 /* UIView+Utils.m */ = {isa = PBXFileReference; fileEncoding = 4; lastKnownFileType = sourcecode.c.objc; name = "UIView+Utils.m"; path = "Utils/UIView+Utils.m"; sourceTree = "<group>"; };
		1E13CA911E90CFFF000DBF74 /* MapKit.framework */ = {isa = PBXFileReference; lastKnownFileType = wrapper.framework; name = MapKit.framework; path = System/Library/Frameworks/MapKit.framework; sourceTree = SDKROOT; };
		1E18E7A41E88C1A500200DC0 /* KeyChainSecuredAuthenticator.h */ = {isa = PBXFileReference; fileEncoding = 4; lastKnownFileType = sourcecode.c.h; name = KeyChainSecuredAuthenticator.h; path = RestClient/KeyChainSecuredAuthenticator.h; sourceTree = "<group>"; };
		1E18E7A51E88C1A500200DC0 /* KeyChainSecuredAuthenticator.m */ = {isa = PBXFileReference; fileEncoding = 4; lastKnownFileType = sourcecode.c.objc; name = KeyChainSecuredAuthenticator.m; path = RestClient/KeyChainSecuredAuthenticator.m; sourceTree = "<group>"; };
		1E18E7A71E88DE6600200DC0 /* RestClientTests.m */ = {isa = PBXFileReference; fileEncoding = 4; lastKnownFileType = sourcecode.c.objc; name = RestClientTests.m; path = RestClient/RestClientTests.m; sourceTree = "<group>"; };
		1E18E7A91E88E1B000200DC0 /* AccountManager.h */ = {isa = PBXFileReference; fileEncoding = 4; lastKnownFileType = sourcecode.c.h; name = AccountManager.h; path = Model/AccountManager.h; sourceTree = "<group>"; };
		1E18E7AA1E88E1B000200DC0 /* AccountManager.m */ = {isa = PBXFileReference; fileEncoding = 4; lastKnownFileType = sourcecode.c.objc; name = AccountManager.m; path = Model/AccountManager.m; sourceTree = "<group>"; };
		1E18E7AE1E88E4AB00200DC0 /* NSString+Utils.h */ = {isa = PBXFileReference; fileEncoding = 4; lastKnownFileType = sourcecode.c.h; name = "NSString+Utils.h"; path = "Utils/NSString+Utils.h"; sourceTree = "<group>"; };
		1E18E7AF1E88E4AB00200DC0 /* NSString+Utils.m */ = {isa = PBXFileReference; fileEncoding = 4; lastKnownFileType = sourcecode.c.objc; name = "NSString+Utils.m"; path = "Utils/NSString+Utils.m"; sourceTree = "<group>"; };
		1E18E7B31E88E8B100200DC0 /* NSStringUtilsTests.m */ = {isa = PBXFileReference; fileEncoding = 4; lastKnownFileType = sourcecode.c.objc; name = NSStringUtilsTests.m; path = Utils/NSStringUtilsTests.m; sourceTree = "<group>"; };
		1E18E7B51E88EF3400200DC0 /* User.h */ = {isa = PBXFileReference; fileEncoding = 4; lastKnownFileType = sourcecode.c.h; name = User.h; path = Model/User.h; sourceTree = "<group>"; };
		1E18E7B61E88EF3400200DC0 /* User.m */ = {isa = PBXFileReference; fileEncoding = 4; lastKnownFileType = sourcecode.c.objc; name = User.m; path = Model/User.m; sourceTree = "<group>"; };
		1E18E7B91E88EF4600200DC0 /* _User.h */ = {isa = PBXFileReference; fileEncoding = 4; lastKnownFileType = sourcecode.c.h; name = _User.h; path = CoreData/_User.h; sourceTree = "<group>"; };
		1E18E7BA1E88EF4600200DC0 /* _User.m */ = {isa = PBXFileReference; fileEncoding = 4; lastKnownFileType = sourcecode.c.objc; name = _User.m; path = CoreData/_User.m; sourceTree = "<group>"; };
		1E5B4EF31E8619DD003F1239 /* photowall.app */ = {isa = PBXFileReference; explicitFileType = wrapper.application; includeInIndex = 0; path = photowall.app; sourceTree = BUILT_PRODUCTS_DIR; };
		1E5B4EF71E8619DD003F1239 /* main.m */ = {isa = PBXFileReference; lastKnownFileType = sourcecode.c.objc; path = main.m; sourceTree = "<group>"; };
		1E5B4EF91E8619DD003F1239 /* AppDelegate.h */ = {isa = PBXFileReference; lastKnownFileType = sourcecode.c.h; path = AppDelegate.h; sourceTree = "<group>"; };
		1E5B4EFA1E8619DD003F1239 /* AppDelegate.m */ = {isa = PBXFileReference; lastKnownFileType = sourcecode.c.objc; path = AppDelegate.m; sourceTree = "<group>"; };
		1E5B4F031E8619DD003F1239 /* photowall.xcdatamodel */ = {isa = PBXFileReference; lastKnownFileType = wrapper.xcdatamodel; path = photowall.xcdatamodel; sourceTree = "<group>"; };
		1E5B4F0A1E8619DD003F1239 /* Info.plist */ = {isa = PBXFileReference; lastKnownFileType = text.plist.xml; path = Info.plist; sourceTree = "<group>"; };
		1E5B4F0F1E8619DD003F1239 /* photowallTests.xctest */ = {isa = PBXFileReference; explicitFileType = wrapper.cfbundle; includeInIndex = 0; path = photowallTests.xctest; sourceTree = BUILT_PRODUCTS_DIR; };
		1E5B4F131E8619DD003F1239 /* photowallTests.m */ = {isa = PBXFileReference; lastKnownFileType = sourcecode.c.objc; path = photowallTests.m; sourceTree = "<group>"; };
		1E5B4F151E8619DD003F1239 /* Info.plist */ = {isa = PBXFileReference; lastKnownFileType = text.plist.xml; path = Info.plist; sourceTree = "<group>"; };
		1E60634E1E90959E00C9501B /* photowall.entitlements */ = {isa = PBXFileReference; lastKnownFileType = text.plist.entitlements; path = photowall.entitlements; sourceTree = "<group>"; };
		1E9B850D1E9892430081B251 /* FriendCell.h */ = {isa = PBXFileReference; fileEncoding = 4; lastKnownFileType = sourcecode.c.h; name = FriendCell.h; path = View/FriendCell.h; sourceTree = "<group>"; };
		1E9B850E1E9892430081B251 /* FriendCell.m */ = {isa = PBXFileReference; fileEncoding = 4; lastKnownFileType = sourcecode.c.objc; name = FriendCell.m; path = View/FriendCell.m; sourceTree = "<group>"; };
		1E9B850F1E9892430081B251 /* FriendCell.xib */ = {isa = PBXFileReference; fileEncoding = 4; lastKnownFileType = file.xib; name = FriendCell.xib; path = View/FriendCell.xib; sourceTree = "<group>"; };
		1E9B85121E98AF6C0081B251 /* photowallv2.xcdatamodel */ = {isa = PBXFileReference; lastKnownFileType = wrapper.xcdatamodel; path = photowallv2.xcdatamodel; sourceTree = "<group>"; };
		1E9B85131E98B04F0081B251 /* Mapping2.xcmappingmodel */ = {isa = PBXFileReference; lastKnownFileType = wrapper.xcmappingmodel; path = Mapping2.xcmappingmodel; sourceTree = "<group>"; };
		1E9B85161E98B7800081B251 /* Base */ = {isa = PBXFileReference; lastKnownFileType = text.plist.strings; name = Base; path = photowall/Base.lproj/Strings.strings; sourceTree = "<group>"; };
		1E9E46471E99CF84008613AB /* UIImageView+WebImage.h */ = {isa = PBXFileReference; fileEncoding = 4; lastKnownFileType = sourcecode.c.h; name = "UIImageView+WebImage.h"; path = "Utils/UIImageView+WebImage.h"; sourceTree = "<group>"; };
		1E9E46481E99CF84008613AB /* UIImageView+WebImage.m */ = {isa = PBXFileReference; fileEncoding = 4; lastKnownFileType = sourcecode.c.objc; name = "UIImageView+WebImage.m"; path = "Utils/UIImageView+WebImage.m"; sourceTree = "<group>"; };
		1E9E464A1E99D853008613AB /* Photo.h */ = {isa = PBXFileReference; fileEncoding = 4; lastKnownFileType = sourcecode.c.h; name = Photo.h; path = Model/Photo.h; sourceTree = "<group>"; };
		1E9E464B1E99D853008613AB /* Photo.m */ = {isa = PBXFileReference; fileEncoding = 4; lastKnownFileType = sourcecode.c.objc; name = Photo.m; path = Model/Photo.m; sourceTree = "<group>"; };
		1E9E464D1E99D86B008613AB /* PhotoManager.h */ = {isa = PBXFileReference; fileEncoding = 4; lastKnownFileType = sourcecode.c.h; name = PhotoManager.h; path = Model/PhotoManager.h; sourceTree = "<group>"; };
		1E9E464E1E99D86B008613AB /* PhotoManager.m */ = {isa = PBXFileReference; fileEncoding = 4; lastKnownFileType = sourcecode.c.objc; name = PhotoManager.m; path = Model/PhotoManager.m; sourceTree = "<group>"; };
		1E9E46501E99FCC3008613AB /* CoreLocation.framework */ = {isa = PBXFileReference; lastKnownFileType = wrapper.framework; name = CoreLocation.framework; path = System/Library/Frameworks/CoreLocation.framework; sourceTree = SDKROOT; };
		1E9E46521E9A0341008613AB /* LocationAwarePhotoUploadTask.h */ = {isa = PBXFileReference; fileEncoding = 4; lastKnownFileType = sourcecode.c.h; name = LocationAwarePhotoUploadTask.h; path = Model/LocationAwarePhotoUploadTask.h; sourceTree = "<group>"; };
		1E9E46531E9A0341008613AB /* LocationAwarePhotoUploadTask.m */ = {isa = PBXFileReference; fileEncoding = 4; lastKnownFileType = sourcecode.c.objc; name = LocationAwarePhotoUploadTask.m; path = Model/LocationAwarePhotoUploadTask.m; sourceTree = "<group>"; };
		1EA8159D1E89063F00AD4B0F /* AccountManagerTests.m */ = {isa = PBXFileReference; fileEncoding = 4; lastKnownFileType = sourcecode.c.objc; name = AccountManagerTests.m; path = Model/AccountManagerTests.m; sourceTree = "<group>"; };
		1EB67E7B1E88A07900BF4498 /* RestRequestTests.m */ = {isa = PBXFileReference; fileEncoding = 4; lastKnownFileType = sourcecode.c.objc; name = RestRequestTests.m; path = RestClient/RestRequestTests.m; sourceTree = "<group>"; };
		1EB8DF8D1E8F4B9300FB67B6 /* UserManager.h */ = {isa = PBXFileReference; fileEncoding = 4; lastKnownFileType = sourcecode.c.h; name = UserManager.h; path = Model/UserManager.h; sourceTree = "<group>"; };
		1EB8DF8E1E8F4B9300FB67B6 /* UserManager.m */ = {isa = PBXFileReference; fileEncoding = 4; lastKnownFileType = sourcecode.c.objc; name = UserManager.m; path = Model/UserManager.m; sourceTree = "<group>"; };
		1EB8DF911E8F830C00FB67B6 /* LoginViewController.h */ = {isa = PBXFileReference; fileEncoding = 4; lastKnownFileType = sourcecode.c.h; name = LoginViewController.h; path = View/LoginViewController.h; sourceTree = "<group>"; };
		1EB8DF921E8F830C00FB67B6 /* LoginViewController.m */ = {isa = PBXFileReference; fileEncoding = 4; lastKnownFileType = sourcecode.c.objc; name = LoginViewController.m; path = View/LoginViewController.m; sourceTree = "<group>"; };
		1EB8DF931E8F830C00FB67B6 /* LoginView.xib */ = {isa = PBXFileReference; fileEncoding = 4; lastKnownFileType = file.xib; name = LoginView.xib; path = View/LoginView.xib; sourceTree = "<group>"; };
		1EB8DF961E8F988D00FB67B6 /* Images.xcassets */ = {isa = PBXFileReference; lastKnownFileType = folder.assetcatalog; path = Images.xcassets; sourceTree = "<group>"; };
		1EBCF1A61EAC8DCE00C2FDFA /* MaskView.xib */ = {isa = PBXFileReference; fileEncoding = 4; lastKnownFileType = file.xib; name = MaskView.xib; path = View/MaskView.xib; sourceTree = "<group>"; };
		1EBCF1A81EAC8E8A00C2FDFA /* UIViewController+Mask.h */ = {isa = PBXFileReference; fileEncoding = 4; lastKnownFileType = sourcecode.c.h; name = "UIViewController+Mask.h"; path = "Utils/UIViewController+Mask.h"; sourceTree = "<group>"; };
		1EBCF1A91EAC8E8A00C2FDFA /* UIViewController+Mask.m */ = {isa = PBXFileReference; fileEncoding = 4; lastKnownFileType = sourcecode.c.objc; name = "UIViewController+Mask.m"; path = "Utils/UIViewController+Mask.m"; sourceTree = "<group>"; };
		1EBCF1AB1EAC929E00C2FDFA /* PhotoCell.h */ = {isa = PBXFileReference; fileEncoding = 4; lastKnownFileType = sourcecode.c.h; name = PhotoCell.h; path = View/PhotoCell.h; sourceTree = "<group>"; };
		1EBCF1AC1EAC929E00C2FDFA /* PhotoCell.m */ = {isa = PBXFileReference; fileEncoding = 4; lastKnownFileType = sourcecode.c.objc; name = PhotoCell.m; path = View/PhotoCell.m; sourceTree = "<group>"; };
		1EBCF1AD1EAC929E00C2FDFA /* PhotoCell.xib */ = {isa = PBXFileReference; fileEncoding = 4; lastKnownFileType = file.xib; name = PhotoCell.xib; path = View/PhotoCell.xib; sourceTree = "<group>"; };
		1EC8C3CB1EB4E0B600029BF0 /* PhotoAnnotation.h */ = {isa = PBXFileReference; fileEncoding = 4; lastKnownFileType = sourcecode.c.h; name = PhotoAnnotation.h; path = View/PhotoAnnotation.h; sourceTree = "<group>"; };
		1EC8C3CC1EB4E0B600029BF0 /* PhotoAnnotation.m */ = {isa = PBXFileReference; fileEncoding = 4; lastKnownFileType = sourcecode.c.objc; name = PhotoAnnotation.m; path = View/PhotoAnnotation.m; sourceTree = "<group>"; };
		1ECB6F891E86566100BA0D77 /* RestRequest.h */ = {isa = PBXFileReference; fileEncoding = 4; lastKnownFileType = sourcecode.c.h; name = RestRequest.h; path = RestClient/RestRequest.h; sourceTree = "<group>"; };
		1ECB6F8A1E86566100BA0D77 /* RestRequest.m */ = {isa = PBXFileReference; fileEncoding = 4; lastKnownFileType = sourcecode.c.objc; name = RestRequest.m; path = RestClient/RestRequest.m; sourceTree = "<group>"; };
		1ECB6F8C1E86570600BA0D77 /* RestResponse.h */ = {isa = PBXFileReference; fileEncoding = 4; lastKnownFileType = sourcecode.c.h; name = RestResponse.h; path = RestClient/RestResponse.h; sourceTree = "<group>"; };
		1ECB6F8D1E86570600BA0D77 /* RestResponse.m */ = {isa = PBXFileReference; fileEncoding = 4; lastKnownFileType = sourcecode.c.objc; name = RestResponse.m; path = RestClient/RestResponse.m; sourceTree = "<group>"; };
		1ECB6F8F1E86676200BA0D77 /* RestClient.h */ = {isa = PBXFileReference; fileEncoding = 4; lastKnownFileType = sourcecode.c.h; name = RestClient.h; path = RestClient/RestClient.h; sourceTree = "<group>"; };
		1ECB6F901E86676200BA0D77 /* RestClient.m */ = {isa = PBXFileReference; fileEncoding = 4; lastKnownFileType = sourcecode.c.objc; name = RestClient.m; path = RestClient/RestClient.m; sourceTree = "<group>"; };
		1ED6B94C1E8FE31700CF0D63 /* RootViewController.h */ = {isa = PBXFileReference; fileEncoding = 4; lastKnownFileType = sourcecode.c.h; name = RootViewController.h; path = View/RootViewController.h; sourceTree = "<group>"; };
		1ED6B94D1E8FE31700CF0D63 /* RootViewController.m */ = {isa = PBXFileReference; fileEncoding = 4; lastKnownFileType = sourcecode.c.objc; name = RootViewController.m; path = View/RootViewController.m; sourceTree = "<group>"; };
		1ED6B94E1E8FE31700CF0D63 /* RootView.xib */ = {isa = PBXFileReference; fileEncoding = 4; lastKnownFileType = file.xib; name = RootView.xib; path = View/RootView.xib; sourceTree = "<group>"; };
		1EDAF8751EB5891600BC48B3 /* AnnotationCallOutView.h */ = {isa = PBXFileReference; fileEncoding = 4; lastKnownFileType = sourcecode.c.h; name = AnnotationCallOutView.h; path = View/AnnotationCallOutView.h; sourceTree = "<group>"; };
		1EDAF8761EB5891600BC48B3 /* AnnotationCallOutView.m */ = {isa = PBXFileReference; fileEncoding = 4; lastKnownFileType = sourcecode.c.objc; name = AnnotationCallOutView.m; path = View/AnnotationCallOutView.m; sourceTree = "<group>"; };
		1EDAF8781EB5893700BC48B3 /* AnnotationCallOutView.xib */ = {isa = PBXFileReference; fileEncoding = 4; lastKnownFileType = file.xib; name = AnnotationCallOutView.xib; path = View/AnnotationCallOutView.xib; sourceTree = "<group>"; };
		1EDAF87A1EB5930100BC48B3 /* PhotoShowcaseViewController.h */ = {isa = PBXFileReference; fileEncoding = 4; lastKnownFileType = sourcecode.c.h; name = PhotoShowcaseViewController.h; path = View/PhotoShowcaseViewController.h; sourceTree = "<group>"; };
		1EDAF87B1EB5930100BC48B3 /* PhotoShowcaseViewController.m */ = {isa = PBXFileReference; fileEncoding = 4; lastKnownFileType = sourcecode.c.objc; name = PhotoShowcaseViewController.m; path = View/PhotoShowcaseViewController.m; sourceTree = "<group>"; };
		1EDAF87C1EB5930100BC48B3 /* PhotoShowcaseView.xib */ = {isa = PBXFileReference; fileEncoding = 4; lastKnownFileType = file.xib; name = PhotoShowcaseView.xib; path = View/PhotoShowcaseView.xib; sourceTree = "<group>"; };
		1EDAF87F1EB5AD6600BC48B3 /* PhotoShowcaseCell.h */ = {isa = PBXFileReference; fileEncoding = 4; lastKnownFileType = sourcecode.c.h; name = PhotoShowcaseCell.h; path = View/PhotoShowcaseCell.h; sourceTree = "<group>"; };
		1EDAF8801EB5AD6600BC48B3 /* PhotoShowcaseCell.m */ = {isa = PBXFileReference; fileEncoding = 4; lastKnownFileType = sourcecode.c.objc; name = PhotoShowcaseCell.m; path = View/PhotoShowcaseCell.m; sourceTree = "<group>"; };
		1EDAF8811EB5AD6600BC48B3 /* PhotoShowcaseCell.xib */ = {isa = PBXFileReference; fileEncoding = 4; lastKnownFileType = file.xib; name = PhotoShowcaseCell.xib; path = View/PhotoShowcaseCell.xib; sourceTree = "<group>"; };
		1F738D6CE5D212EC55F2FBF6 /* Pods-photowall-photowallTests.debug.xcconfig */ = {isa = PBXFileReference; includeInIndex = 1; lastKnownFileType = text.xcconfig; name = "Pods-photowall-photowallTests.debug.xcconfig"; path = "Pods/Target Support Files/Pods-photowall-photowallTests/Pods-photowall-photowallTests.debug.xcconfig"; sourceTree = "<group>"; };
		432CC38A78A17AE6E9B86F05 /* Pods-photowall-photowallTests.release.xcconfig */ = {isa = PBXFileReference; includeInIndex = 1; lastKnownFileType = text.xcconfig; name = "Pods-photowall-photowallTests.release.xcconfig"; path = "Pods/Target Support Files/Pods-photowall-photowallTests/Pods-photowall-photowallTests.release.xcconfig"; sourceTree = "<group>"; };
		A7409AB7651B0C1BE9424086 /* Pods-photowall.debug.xcconfig */ = {isa = PBXFileReference; includeInIndex = 1; lastKnownFileType = text.xcconfig; name = "Pods-photowall.debug.xcconfig"; path = "Pods/Target Support Files/Pods-photowall/Pods-photowall.debug.xcconfig"; sourceTree = "<group>"; };
		B074D81CFA303000C95BAFFD /* Pods_photowall.framework */ = {isa = PBXFileReference; explicitFileType = wrapper.framework; includeInIndex = 0; path = Pods_photowall.framework; sourceTree = BUILT_PRODUCTS_DIR; };
/* End PBXFileReference section */

/* Begin PBXFrameworksBuildPhase section */
		1E5B4EF01E8619DC003F1239 /* Frameworks */ = {
			isa = PBXFrameworksBuildPhase;
			buildActionMask = 2147483647;
			files = (
				1E9E46511E99FCC3008613AB /* CoreLocation.framework in Frameworks */,
				1E13CA921E90CFFF000DBF74 /* MapKit.framework in Frameworks */,
				A42F12C6F93B51B41D5130A9 /* Pods_photowall.framework in Frameworks */,
			);
			runOnlyForDeploymentPostprocessing = 0;
		};
		1E5B4F0C1E8619DD003F1239 /* Frameworks */ = {
			isa = PBXFrameworksBuildPhase;
			buildActionMask = 2147483647;
			files = (
				0901072C0D2144C2D01D103C /* Pods_photowall_photowallTests.framework in Frameworks */,
			);
			runOnlyForDeploymentPostprocessing = 0;
		};
/* End PBXFrameworksBuildPhase section */

/* Begin PBXGroup section */
		1E18E7AC1E88E1B600200DC0 /* Model */ = {
			isa = PBXGroup;
			children = (
				1E0DCE031EB48B2100C6316E /* PhotoMapRegion.h */,
				1E0DCE041EB48B2100C6316E /* PhotoMapRegion.m */,
				1EB8DF8D1E8F4B9300FB67B6 /* UserManager.h */,
				1EB8DF8E1E8F4B9300FB67B6 /* UserManager.m */,
				1E18E7B51E88EF3400200DC0 /* User.h */,
				1E18E7B61E88EF3400200DC0 /* User.m */,
				1E18E7A91E88E1B000200DC0 /* AccountManager.h */,
				1E18E7AA1E88E1B000200DC0 /* AccountManager.m */,
				1E9E464A1E99D853008613AB /* Photo.h */,
				1E9E464B1E99D853008613AB /* Photo.m */,
				1E9E464D1E99D86B008613AB /* PhotoManager.h */,
				1E9E464E1E99D86B008613AB /* PhotoManager.m */,
				1E9E46521E9A0341008613AB /* LocationAwarePhotoUploadTask.h */,
				1E9E46531E9A0341008613AB /* LocationAwarePhotoUploadTask.m */,
			);
			name = Model;
			sourceTree = "<group>";
		};
		1E18E7AD1E88E45100200DC0 /* Utils */ = {
			isa = PBXGroup;
			children = (
				1E18E7AE1E88E4AB00200DC0 /* NSString+Utils.h */,
				1E18E7AF1E88E4AB00200DC0 /* NSString+Utils.m */,
				1E13CA8E1E90CC8B000DBF74 /* UIView+Utils.h */,
				1E13CA8F1E90CC8B000DBF74 /* UIView+Utils.m */,
				1E9E46471E99CF84008613AB /* UIImageView+WebImage.h */,
				1E9E46481E99CF84008613AB /* UIImageView+WebImage.m */,
				1E0804FD1E9D323700C43CEB /* UIColor+Defaults.h */,
				1E0804FE1E9D323700C43CEB /* UIColor+Defaults.m */,
				1EBCF1A81EAC8E8A00C2FDFA /* UIViewController+Mask.h */,
				1EBCF1A91EAC8E8A00C2FDFA /* UIViewController+Mask.m */,
				1E0DCDF81EB4656100C6316E /* NSDate+Utils.h */,
				1E0DCDF91EB4656100C6316E /* NSDate+Utils.m */,
				1E0DCE061EB48CBC00C6316E /* PhotoMapRegion+Utils.h */,
				1E0DCE071EB48CBC00C6316E /* PhotoMapRegion+Utils.m */,
			);
			name = Utils;
			sourceTree = "<group>";
		};
		1E18E7B11E88E86E00200DC0 /* Model */ = {
			isa = PBXGroup;
			children = (
				1EA8159D1E89063F00AD4B0F /* AccountManagerTests.m */,
			);
			name = Model;
			sourceTree = "<group>";
		};
		1E18E7B21E88E87600200DC0 /* Utils */ = {
			isa = PBXGroup;
			children = (
				1E18E7B31E88E8B100200DC0 /* NSStringUtilsTests.m */,
			);
			name = Utils;
			sourceTree = "<group>";
		};
		1E18E7B81E88EF3A00200DC0 /* CoreData */ = {
			isa = PBXGroup;
			children = (
				1E18E7B91E88EF4600200DC0 /* _User.h */,
				1E18E7BA1E88EF4600200DC0 /* _User.m */,
			);
			name = CoreData;
			sourceTree = "<group>";
		};
		1E5B4EEA1E8619DC003F1239 = {
			isa = PBXGroup;
			children = (
				1E5B4EF51E8619DD003F1239 /* photowall */,
				1E5B4F121E8619DD003F1239 /* photowallTests */,
				1E5B4EF41E8619DD003F1239 /* Products */,
				BF502580CFA36477FB57AB9F /* Pods */,
				783F0DE595A08C7A8B236DD9 /* Frameworks */,
			);
			sourceTree = "<group>";
		};
		1E5B4EF41E8619DD003F1239 /* Products */ = {
			isa = PBXGroup;
			children = (
				1E5B4EF31E8619DD003F1239 /* photowall.app */,
				1E5B4F0F1E8619DD003F1239 /* photowallTests.xctest */,
			);
			name = Products;
			sourceTree = "<group>";
		};
		1E5B4EF51E8619DD003F1239 /* photowall */ = {
			isa = PBXGroup;
			children = (
				1E60634E1E90959E00C9501B /* photowall.entitlements */,
				1EB8DF901E8F82AE00FB67B6 /* View */,
				1E18E7B81E88EF3A00200DC0 /* CoreData */,
				1E18E7AD1E88E45100200DC0 /* Utils */,
				1E18E7AC1E88E1B600200DC0 /* Model */,
				1ECB6F881E86560100BA0D77 /* RestClient */,
				1E5B4EF91E8619DD003F1239 /* AppDelegate.h */,
				1E5B4EFA1E8619DD003F1239 /* AppDelegate.m */,
				1E5B4F0A1E8619DD003F1239 /* Info.plist */,
				1E5B4F021E8619DD003F1239 /* photowall.xcdatamodeld */,
				1EB8DF961E8F988D00FB67B6 /* Images.xcassets */,
				1E5B4EF61E8619DD003F1239 /* Supporting Files */,
				1E9B85131E98B04F0081B251 /* Mapping2.xcmappingmodel */,
			);
			path = photowall;
			sourceTree = "<group>";
		};
		1E5B4EF61E8619DD003F1239 /* Supporting Files */ = {
			isa = PBXGroup;
			children = (
				1E9B85151E98B7800081B251 /* Strings.strings */,
				1E5B4EF71E8619DD003F1239 /* main.m */,
			);
			name = "Supporting Files";
			sourceTree = "<group>";
		};
		1E5B4F121E8619DD003F1239 /* photowallTests */ = {
			isa = PBXGroup;
			children = (
				1E18E7B21E88E87600200DC0 /* Utils */,
				1E18E7B11E88E86E00200DC0 /* Model */,
				1EB67E7A1E88A03E00BF4498 /* RestClient */,
				1E5B4F131E8619DD003F1239 /* photowallTests.m */,
				1E5B4F151E8619DD003F1239 /* Info.plist */,
			);
			path = photowallTests;
			sourceTree = "<group>";
		};
		1EB67E7A1E88A03E00BF4498 /* RestClient */ = {
			isa = PBXGroup;
			children = (
				1EB67E7B1E88A07900BF4498 /* RestRequestTests.m */,
				1E18E7A71E88DE6600200DC0 /* RestClientTests.m */,
			);
			name = RestClient;
			sourceTree = "<group>";
		};
		1EB8DF901E8F82AE00FB67B6 /* View */ = {
			isa = PBXGroup;
			children = (
				1EB8DF911E8F830C00FB67B6 /* LoginViewController.h */,
				1EB8DF921E8F830C00FB67B6 /* LoginViewController.m */,
				1EB8DF931E8F830C00FB67B6 /* LoginView.xib */,
				1ED6B94C1E8FE31700CF0D63 /* RootViewController.h */,
				1ED6B94D1E8FE31700CF0D63 /* RootViewController.m */,
				1ED6B94E1E8FE31700CF0D63 /* RootView.xib */,
				1E13CA751E90C164000DBF74 /* ProfileViewController.h */,
				1E13CA761E90C164000DBF74 /* ProfileViewController.m */,
				1E13CA771E90C164000DBF74 /* ProfileView.xib */,
				1E13CA7A1E90C1A5000DBF74 /* PhotoMapViewController.h */,
				1E13CA7B1E90C1A5000DBF74 /* PhotoMapViewController.m */,
				1E13CA7C1E90C1A5000DBF74 /* PhotoMapView.xib */,
				1E13CA7F1E90C1DD000DBF74 /* FriendsViewController.h */,
				1E13CA801E90C1DD000DBF74 /* FriendsViewController.m */,
				1E13CA811E90C1DD000DBF74 /* FriendsListView.xib */,
				1E13CA891E90C297000DBF74 /* PhotoGridViewController.h */,
				1E13CA8A1E90C297000DBF74 /* PhotoGridViewController.m */,
				1E13CA8B1E90C297000DBF74 /* PhotoGridView.xib */,
				1E9B850D1E9892430081B251 /* FriendCell.h */,
				1E9B850E1E9892430081B251 /* FriendCell.m */,
				1E9B850F1E9892430081B251 /* FriendCell.xib */,
				1EBCF1A61EAC8DCE00C2FDFA /* MaskView.xib */,
				1EBCF1AB1EAC929E00C2FDFA /* PhotoCell.h */,
				1EBCF1AC1EAC929E00C2FDFA /* PhotoCell.m */,
				1EBCF1AD1EAC929E00C2FDFA /* PhotoCell.xib */,
				1E0DCDFB1EB4781800C6316E /* PhotoGridSectionHeader.h */,
				1E0DCDFC1EB4781800C6316E /* PhotoGridSectionHeader.m */,
				1E0DCDFD1EB4781800C6316E /* PhotoGridSectionHeader.xib */,
				1EC8C3CB1EB4E0B600029BF0 /* PhotoAnnotation.h */,
				1EC8C3CC1EB4E0B600029BF0 /* PhotoAnnotation.m */,
				1EDAF8751EB5891600BC48B3 /* AnnotationCallOutView.h */,
				1EDAF8761EB5891600BC48B3 /* AnnotationCallOutView.m */,
				1EDAF8781EB5893700BC48B3 /* AnnotationCallOutView.xib */,
				1EDAF87A1EB5930100BC48B3 /* PhotoShowcaseViewController.h */,
				1EDAF87B1EB5930100BC48B3 /* PhotoShowcaseViewController.m */,
				1EDAF87C1EB5930100BC48B3 /* PhotoShowcaseView.xib */,
				1EDAF87F1EB5AD6600BC48B3 /* PhotoShowcaseCell.h */,
				1EDAF8801EB5AD6600BC48B3 /* PhotoShowcaseCell.m */,
				1EDAF8811EB5AD6600BC48B3 /* PhotoShowcaseCell.xib */,
			);
			name = View;
			sourceTree = "<group>";
		};
		1ECB6F881E86560100BA0D77 /* RestClient */ = {
			isa = PBXGroup;
			children = (
				1ECB6F891E86566100BA0D77 /* RestRequest.h */,
				1ECB6F8A1E86566100BA0D77 /* RestRequest.m */,
				1ECB6F8C1E86570600BA0D77 /* RestResponse.h */,
				1ECB6F8D1E86570600BA0D77 /* RestResponse.m */,
				1ECB6F8F1E86676200BA0D77 /* RestClient.h */,
				1ECB6F901E86676200BA0D77 /* RestClient.m */,
				1E18E7A41E88C1A500200DC0 /* KeyChainSecuredAuthenticator.h */,
				1E18E7A51E88C1A500200DC0 /* KeyChainSecuredAuthenticator.m */,
			);
			name = RestClient;
			sourceTree = "<group>";
		};
		783F0DE595A08C7A8B236DD9 /* Frameworks */ = {
			isa = PBXGroup;
			children = (
				1E9E46501E99FCC3008613AB /* CoreLocation.framework */,
				1E13CA911E90CFFF000DBF74 /* MapKit.framework */,
				B074D81CFA303000C95BAFFD /* Pods_photowall.framework */,
				03D7C38FF52C51B46ED445C4 /* Pods_photowall_photowallTests.framework */,
			);
			name = Frameworks;
			sourceTree = "<group>";
		};
		BF502580CFA36477FB57AB9F /* Pods */ = {
			isa = PBXGroup;
			children = (
				A7409AB7651B0C1BE9424086 /* Pods-photowall.debug.xcconfig */,
				1AE073FC1196A431F3A8B0B9 /* Pods-photowall.release.xcconfig */,
				1F738D6CE5D212EC55F2FBF6 /* Pods-photowall-photowallTests.debug.xcconfig */,
				432CC38A78A17AE6E9B86F05 /* Pods-photowall-photowallTests.release.xcconfig */,
			);
			name = Pods;
			sourceTree = "<group>";
		};
/* End PBXGroup section */

/* Begin PBXNativeTarget section */
		1E5B4EF21E8619DC003F1239 /* photowall */ = {
			isa = PBXNativeTarget;
			buildConfigurationList = 1E5B4F181E8619DD003F1239 /* Build configuration list for PBXNativeTarget "photowall" */;
			buildPhases = (
				3C51CA3CFF5CA016C22E72D4 /* [CP] Check Pods Manifest.lock */,
				1E5B4EEF1E8619DC003F1239 /* Sources */,
				1E5B4EF01E8619DC003F1239 /* Frameworks */,
				1E5B4EF11E8619DC003F1239 /* Resources */,
				51E6A707369F30E4E5983D17 /* [CP] Embed Pods Frameworks */,
				7D2312BC3A47DF58F6AAE692 /* [CP] Copy Pods Resources */,
			);
			buildRules = (
			);
			dependencies = (
			);
			name = photowall;
			productName = photowall;
			productReference = 1E5B4EF31E8619DD003F1239 /* photowall.app */;
			productType = "com.apple.product-type.application";
		};
		1E5B4F0E1E8619DD003F1239 /* photowallTests */ = {
			isa = PBXNativeTarget;
			buildConfigurationList = 1E5B4F1B1E8619DD003F1239 /* Build configuration list for PBXNativeTarget "photowallTests" */;
			buildPhases = (
				F686C6E20F5AD84478A6ECFC /* [CP] Check Pods Manifest.lock */,
				1E5B4F0B1E8619DD003F1239 /* Sources */,
				1E5B4F0C1E8619DD003F1239 /* Frameworks */,
				1E5B4F0D1E8619DD003F1239 /* Resources */,
				F02C70B55572837E55C35FC2 /* [CP] Embed Pods Frameworks */,
				2623C99139C1FBC87F54B8A2 /* [CP] Copy Pods Resources */,
			);
			buildRules = (
			);
			dependencies = (
				1E5B4F111E8619DD003F1239 /* PBXTargetDependency */,
			);
			name = photowallTests;
			productName = photowallTests;
			productReference = 1E5B4F0F1E8619DD003F1239 /* photowallTests.xctest */;
			productType = "com.apple.product-type.bundle.unit-test";
		};
/* End PBXNativeTarget section */

/* Begin PBXProject section */
		1E5B4EEB1E8619DC003F1239 /* Project object */ = {
			isa = PBXProject;
			attributes = {
				LastUpgradeCheck = 0800;
				ORGANIZATIONNAME = Picowork;
				TargetAttributes = {
					1E5B4EF21E8619DC003F1239 = {
						CreatedOnToolsVersion = 8.0;
						DevelopmentTeam = 479P3H2UN3;
						ProvisioningStyle = Automatic;
						SystemCapabilities = {
							com.apple.Keychain = {
								enabled = 1;
							};
							com.apple.Maps.iOS = {
								enabled = 1;
							};
						};
					};
					1E5B4F0E1E8619DD003F1239 = {
						CreatedOnToolsVersion = 8.0;
						ProvisioningStyle = Automatic;
						TestTargetID = 1E5B4EF21E8619DC003F1239;
					};
				};
			};
			buildConfigurationList = 1E5B4EEE1E8619DC003F1239 /* Build configuration list for PBXProject "photowall" */;
			compatibilityVersion = "Xcode 3.2";
			developmentRegion = English;
			hasScannedForEncodings = 0;
			knownRegions = (
				en,
				Base,
			);
			mainGroup = 1E5B4EEA1E8619DC003F1239;
			productRefGroup = 1E5B4EF41E8619DD003F1239 /* Products */;
			projectDirPath = "";
			projectRoot = "";
			targets = (
				1E5B4EF21E8619DC003F1239 /* photowall */,
				1E5B4F0E1E8619DD003F1239 /* photowallTests */,
			);
		};
/* End PBXProject section */

/* Begin PBXResourcesBuildPhase section */
		1E5B4EF11E8619DC003F1239 /* Resources */ = {
			isa = PBXResourcesBuildPhase;
			buildActionMask = 2147483647;
			files = (
				1EB8DF951E8F830C00FB67B6 /* LoginView.xib in Resources */,
				1EB8DF971E8F988D00FB67B6 /* Images.xcassets in Resources */,
				1EDAF87E1EB5930100BC48B3 /* PhotoShowcaseView.xib in Resources */,
				1E9B85171E98B7800081B251 /* Strings.strings in Resources */,
				1EBCF1AF1EAC929E00C2FDFA /* PhotoCell.xib in Resources */,
				1E13CA791E90C164000DBF74 /* ProfileView.xib in Resources */,
				1E0DCDFF1EB4781800C6316E /* PhotoGridSectionHeader.xib in Resources */,
				1E13CA8D1E90C297000DBF74 /* PhotoGridView.xib in Resources */,
				1EDAF8831EB5AD6600BC48B3 /* PhotoShowcaseCell.xib in Resources */,
				1E9B85111E9892430081B251 /* FriendCell.xib in Resources */,
				1EBCF1A71EAC8DCE00C2FDFA /* MaskView.xib in Resources */,
				1E13CA7E1E90C1A5000DBF74 /* PhotoMapView.xib in Resources */,
				1ED6B9501E8FE31700CF0D63 /* RootView.xib in Resources */,
				1E13CA831E90C1DD000DBF74 /* FriendsListView.xib in Resources */,
				1EDAF8791EB5893700BC48B3 /* AnnotationCallOutView.xib in Resources */,
			);
			runOnlyForDeploymentPostprocessing = 0;
		};
		1E5B4F0D1E8619DD003F1239 /* Resources */ = {
			isa = PBXResourcesBuildPhase;
			buildActionMask = 2147483647;
			files = (
			);
			runOnlyForDeploymentPostprocessing = 0;
		};
/* End PBXResourcesBuildPhase section */

/* Begin PBXShellScriptBuildPhase section */
		2623C99139C1FBC87F54B8A2 /* [CP] Copy Pods Resources */ = {
			isa = PBXShellScriptBuildPhase;
			buildActionMask = 2147483647;
			files = (
			);
			inputPaths = (
			);
			name = "[CP] Copy Pods Resources";
			outputPaths = (
			);
			runOnlyForDeploymentPostprocessing = 0;
			shellPath = /bin/sh;
			shellScript = "\"${SRCROOT}/Pods/Target Support Files/Pods-photowall-photowallTests/Pods-photowall-photowallTests-resources.sh\"\n";
			showEnvVarsInLog = 0;
		};
		3C51CA3CFF5CA016C22E72D4 /* [CP] Check Pods Manifest.lock */ = {
			isa = PBXShellScriptBuildPhase;
			buildActionMask = 2147483647;
			files = (
			);
			inputPaths = (
			);
			name = "[CP] Check Pods Manifest.lock";
			outputPaths = (
			);
			runOnlyForDeploymentPostprocessing = 0;
			shellPath = /bin/sh;
			shellScript = "diff \"${PODS_ROOT}/../Podfile.lock\" \"${PODS_ROOT}/Manifest.lock\" > /dev/null\nif [ $? != 0 ] ; then\n    # print error to STDERR\n    echo \"error: The sandbox is not in sync with the Podfile.lock. Run 'pod install' or update your CocoaPods installation.\" >&2\n    exit 1\nfi\n";
			showEnvVarsInLog = 0;
		};
		51E6A707369F30E4E5983D17 /* [CP] Embed Pods Frameworks */ = {
			isa = PBXShellScriptBuildPhase;
			buildActionMask = 2147483647;
			files = (
			);
			inputPaths = (
			);
			name = "[CP] Embed Pods Frameworks";
			outputPaths = (
			);
			runOnlyForDeploymentPostprocessing = 0;
			shellPath = /bin/sh;
			shellScript = "\"${SRCROOT}/Pods/Target Support Files/Pods-photowall/Pods-photowall-frameworks.sh\"\n";
			showEnvVarsInLog = 0;
		};
		7D2312BC3A47DF58F6AAE692 /* [CP] Copy Pods Resources */ = {
			isa = PBXShellScriptBuildPhase;
			buildActionMask = 2147483647;
			files = (
			);
			inputPaths = (
			);
			name = "[CP] Copy Pods Resources";
			outputPaths = (
			);
			runOnlyForDeploymentPostprocessing = 0;
			shellPath = /bin/sh;
			shellScript = "\"${SRCROOT}/Pods/Target Support Files/Pods-photowall/Pods-photowall-resources.sh\"\n";
			showEnvVarsInLog = 0;
		};
		F02C70B55572837E55C35FC2 /* [CP] Embed Pods Frameworks */ = {
			isa = PBXShellScriptBuildPhase;
			buildActionMask = 2147483647;
			files = (
			);
			inputPaths = (
			);
			name = "[CP] Embed Pods Frameworks";
			outputPaths = (
			);
			runOnlyForDeploymentPostprocessing = 0;
			shellPath = /bin/sh;
			shellScript = "\"${SRCROOT}/Pods/Target Support Files/Pods-photowall-photowallTests/Pods-photowall-photowallTests-frameworks.sh\"\n";
			showEnvVarsInLog = 0;
		};
		F686C6E20F5AD84478A6ECFC /* [CP] Check Pods Manifest.lock */ = {
			isa = PBXShellScriptBuildPhase;
			buildActionMask = 2147483647;
			files = (
			);
			inputPaths = (
			);
			name = "[CP] Check Pods Manifest.lock";
			outputPaths = (
			);
			runOnlyForDeploymentPostprocessing = 0;
			shellPath = /bin/sh;
			shellScript = "diff \"${PODS_ROOT}/../Podfile.lock\" \"${PODS_ROOT}/Manifest.lock\" > /dev/null\nif [ $? != 0 ] ; then\n    # print error to STDERR\n    echo \"error: The sandbox is not in sync with the Podfile.lock. Run 'pod install' or update your CocoaPods installation.\" >&2\n    exit 1\nfi\n";
			showEnvVarsInLog = 0;
		};
/* End PBXShellScriptBuildPhase section */

/* Begin PBXSourcesBuildPhase section */
		1E5B4EEF1E8619DC003F1239 /* Sources */ = {
			isa = PBXSourcesBuildPhase;
			buildActionMask = 2147483647;
			files = (
				1E9B85101E9892430081B251 /* FriendCell.m in Sources */,
				1EB8DF8F1E8F4B9300FB67B6 /* UserManager.m in Sources */,
				1E18E7BB1E88EF4600200DC0 /* _User.m in Sources */,
				1E13CA821E90C1DD000DBF74 /* FriendsViewController.m in Sources */,
				1E9B85141E98B04F0081B251 /* Mapping2.xcmappingmodel in Sources */,
				1E0DCE051EB48B2100C6316E /* PhotoMapRegion.m in Sources */,
				1E0804FF1E9D323700C43CEB /* UIColor+Defaults.m in Sources */,
				1EDAF87D1EB5930100BC48B3 /* PhotoShowcaseViewController.m in Sources */,
				1EB8DF941E8F830C00FB67B6 /* LoginViewController.m in Sources */,
				1E18E7B71E88EF3400200DC0 /* User.m in Sources */,
				1E0DCDFA1EB4656100C6316E /* NSDate+Utils.m in Sources */,
				1EC8C3CD1EB4E0B600029BF0 /* PhotoAnnotation.m in Sources */,
				1E13CA781E90C164000DBF74 /* ProfileViewController.m in Sources */,
				1ECB6F8E1E86570600BA0D77 /* RestResponse.m in Sources */,
				1EBCF1AA1EAC8E8A00C2FDFA /* UIViewController+Mask.m in Sources */,
				1E5B4F041E8619DD003F1239 /* photowall.xcdatamodeld in Sources */,
				1ECB6F911E86676200BA0D77 /* RestClient.m in Sources */,
				1E9E46541E9A0341008613AB /* LocationAwarePhotoUploadTask.m in Sources */,
				1E5B4EFB1E8619DD003F1239 /* AppDelegate.m in Sources */,
				1ED6B94F1E8FE31700CF0D63 /* RootViewController.m in Sources */,
				1E13CA7D1E90C1A5000DBF74 /* PhotoMapViewController.m in Sources */,
				1E5B4EF81E8619DD003F1239 /* main.m in Sources */,
				1E18E7B01E88E4AB00200DC0 /* NSString+Utils.m in Sources */,
				1E18E7AB1E88E1B000200DC0 /* AccountManager.m in Sources */,
				1E13CA901E90CC8B000DBF74 /* UIView+Utils.m in Sources */,
				1EDAF8821EB5AD6600BC48B3 /* PhotoShowcaseCell.m in Sources */,
				1ECB6F8B1E86566100BA0D77 /* RestRequest.m in Sources */,
				1E9E464C1E99D853008613AB /* Photo.m in Sources */,
				1E0DCE081EB48CBC00C6316E /* PhotoMapRegion+Utils.m in Sources */,
				1E18E7A61E88C1A500200DC0 /* KeyChainSecuredAuthenticator.m in Sources */,
				1E0DCDFE1EB4781800C6316E /* PhotoGridSectionHeader.m in Sources */,
				1EBCF1AE1EAC929E00C2FDFA /* PhotoCell.m in Sources */,
				1E13CA8C1E90C297000DBF74 /* PhotoGridViewController.m in Sources */,
				1E9E464F1E99D86B008613AB /* PhotoManager.m in Sources */,
				1EDAF8771EB5891600BC48B3 /* AnnotationCallOutView.m in Sources */,
				1E9E46491E99CF84008613AB /* UIImageView+WebImage.m in Sources */,
			);
			runOnlyForDeploymentPostprocessing = 0;
		};
		1E5B4F0B1E8619DD003F1239 /* Sources */ = {
			isa = PBXSourcesBuildPhase;
			buildActionMask = 2147483647;
			files = (
				1E5B4F141E8619DD003F1239 /* photowallTests.m in Sources */,
				1EB67E7C1E88A07900BF4498 /* RestRequestTests.m in Sources */,
				1E18E7A81E88DE6600200DC0 /* RestClientTests.m in Sources */,
				1EA8159E1E89063F00AD4B0F /* AccountManagerTests.m in Sources */,
				1E18E7B41E88E8B100200DC0 /* NSStringUtilsTests.m in Sources */,
			);
			runOnlyForDeploymentPostprocessing = 0;
		};
/* End PBXSourcesBuildPhase section */

/* Begin PBXTargetDependency section */
		1E5B4F111E8619DD003F1239 /* PBXTargetDependency */ = {
			isa = PBXTargetDependency;
			target = 1E5B4EF21E8619DC003F1239 /* photowall */;
			targetProxy = 1E5B4F101E8619DD003F1239 /* PBXContainerItemProxy */;
		};
/* End PBXTargetDependency section */

/* Begin PBXVariantGroup section */
		1E9B85151E98B7800081B251 /* Strings.strings */ = {
			isa = PBXVariantGroup;
			children = (
				1E9B85161E98B7800081B251 /* Base */,
			);
			name = Strings.strings;
			path = ..;
			sourceTree = "<group>";
		};
/* End PBXVariantGroup section */

/* Begin XCBuildConfiguration section */
		1E5B4F161E8619DD003F1239 /* Debug */ = {
			isa = XCBuildConfiguration;
			buildSettings = {
				ALWAYS_SEARCH_USER_PATHS = NO;
				CLANG_ANALYZER_LOCALIZABILITY_NONLOCALIZED = YES;
				CLANG_ANALYZER_NONNULL = YES;
				CLANG_CXX_LANGUAGE_STANDARD = "gnu++0x";
				CLANG_CXX_LIBRARY = "libc++";
				CLANG_ENABLE_MODULES = YES;
				CLANG_ENABLE_OBJC_ARC = YES;
				CLANG_WARN_BOOL_CONVERSION = YES;
				CLANG_WARN_CONSTANT_CONVERSION = YES;
				CLANG_WARN_DIRECT_OBJC_ISA_USAGE = YES_ERROR;
				CLANG_WARN_DOCUMENTATION_COMMENTS = YES;
				CLANG_WARN_EMPTY_BODY = YES;
				CLANG_WARN_ENUM_CONVERSION = YES;
				CLANG_WARN_INFINITE_RECURSION = YES;
				CLANG_WARN_INT_CONVERSION = YES;
				CLANG_WARN_OBJC_ROOT_CLASS = YES_ERROR;
				CLANG_WARN_SUSPICIOUS_MOVE = YES;
				CLANG_WARN_SUSPICIOUS_MOVES = YES;
				CLANG_WARN_UNREACHABLE_CODE = YES;
				CLANG_WARN__DUPLICATE_METHOD_MATCH = YES;
				"CODE_SIGN_IDENTITY[sdk=iphoneos*]" = "iPhone Developer";
				COPY_PHASE_STRIP = NO;
				DEBUG_INFORMATION_FORMAT = dwarf;
				ENABLE_STRICT_OBJC_MSGSEND = YES;
				ENABLE_TESTABILITY = YES;
				GCC_C_LANGUAGE_STANDARD = gnu99;
				GCC_DYNAMIC_NO_PIC = NO;
				GCC_NO_COMMON_BLOCKS = YES;
				GCC_OPTIMIZATION_LEVEL = 0;
				GCC_PREPROCESSOR_DEFINITIONS = (
					"DEBUG=1",
					"$(inherited)",
				);
				GCC_WARN_64_TO_32_BIT_CONVERSION = YES;
				GCC_WARN_ABOUT_RETURN_TYPE = YES_ERROR;
				GCC_WARN_UNDECLARED_SELECTOR = YES;
				GCC_WARN_UNINITIALIZED_AUTOS = YES_AGGRESSIVE;
				GCC_WARN_UNUSED_FUNCTION = YES;
				GCC_WARN_UNUSED_VARIABLE = YES;
				IPHONEOS_DEPLOYMENT_TARGET = 10.0;
				MTL_ENABLE_DEBUG_INFO = YES;
				ONLY_ACTIVE_ARCH = YES;
				SDKROOT = iphoneos;
				TARGETED_DEVICE_FAMILY = 2;
			};
			name = Debug;
		};
		1E5B4F171E8619DD003F1239 /* Release */ = {
			isa = XCBuildConfiguration;
			buildSettings = {
				ALWAYS_SEARCH_USER_PATHS = NO;
				CLANG_ANALYZER_LOCALIZABILITY_NONLOCALIZED = YES;
				CLANG_ANALYZER_NONNULL = YES;
				CLANG_CXX_LANGUAGE_STANDARD = "gnu++0x";
				CLANG_CXX_LIBRARY = "libc++";
				CLANG_ENABLE_MODULES = YES;
				CLANG_ENABLE_OBJC_ARC = YES;
				CLANG_WARN_BOOL_CONVERSION = YES;
				CLANG_WARN_CONSTANT_CONVERSION = YES;
				CLANG_WARN_DIRECT_OBJC_ISA_USAGE = YES_ERROR;
				CLANG_WARN_DOCUMENTATION_COMMENTS = YES;
				CLANG_WARN_EMPTY_BODY = YES;
				CLANG_WARN_ENUM_CONVERSION = YES;
				CLANG_WARN_INFINITE_RECURSION = YES;
				CLANG_WARN_INT_CONVERSION = YES;
				CLANG_WARN_OBJC_ROOT_CLASS = YES_ERROR;
				CLANG_WARN_SUSPICIOUS_MOVE = YES;
				CLANG_WARN_SUSPICIOUS_MOVES = YES;
				CLANG_WARN_UNREACHABLE_CODE = YES;
				CLANG_WARN__DUPLICATE_METHOD_MATCH = YES;
				"CODE_SIGN_IDENTITY[sdk=iphoneos*]" = "iPhone Developer";
				COPY_PHASE_STRIP = NO;
				DEBUG_INFORMATION_FORMAT = "dwarf-with-dsym";
				ENABLE_NS_ASSERTIONS = NO;
				ENABLE_STRICT_OBJC_MSGSEND = YES;
				GCC_C_LANGUAGE_STANDARD = gnu99;
				GCC_NO_COMMON_BLOCKS = YES;
				GCC_WARN_64_TO_32_BIT_CONVERSION = YES;
				GCC_WARN_ABOUT_RETURN_TYPE = YES_ERROR;
				GCC_WARN_UNDECLARED_SELECTOR = YES;
				GCC_WARN_UNINITIALIZED_AUTOS = YES_AGGRESSIVE;
				GCC_WARN_UNUSED_FUNCTION = YES;
				GCC_WARN_UNUSED_VARIABLE = YES;
				IPHONEOS_DEPLOYMENT_TARGET = 10.0;
				MTL_ENABLE_DEBUG_INFO = NO;
				SDKROOT = iphoneos;
				TARGETED_DEVICE_FAMILY = 2;
				VALIDATE_PRODUCT = YES;
			};
			name = Release;
		};
		1E5B4F191E8619DD003F1239 /* Debug */ = {
			isa = XCBuildConfiguration;
			baseConfigurationReference = A7409AB7651B0C1BE9424086 /* Pods-photowall.debug.xcconfig */;
			buildSettings = {
				ASSETCATALOG_COMPILER_APPICON_NAME = AppIcon;
				ASSETCATALOG_COMPILER_LAUNCHIMAGE_NAME = LaunchImage;
				CODE_SIGN_ENTITLEMENTS = photowall/photowall.entitlements;
				DEVELOPMENT_TEAM = 479P3H2UN3;
				INFOPLIST_FILE = photowall/Info.plist;
				IPHONEOS_DEPLOYMENT_TARGET = 10.0;
				LD_RUNPATH_SEARCH_PATHS = "$(inherited) @executable_path/Frameworks";
				PRODUCT_BUNDLE_IDENTIFIER = picowork.photowall;
				PRODUCT_NAME = "$(TARGET_NAME)";
				TARGETED_DEVICE_FAMILY = 1;
			};
			name = Debug;
		};
		1E5B4F1A1E8619DD003F1239 /* Release */ = {
			isa = XCBuildConfiguration;
			baseConfigurationReference = 1AE073FC1196A431F3A8B0B9 /* Pods-photowall.release.xcconfig */;
			buildSettings = {
				ASSETCATALOG_COMPILER_APPICON_NAME = AppIcon;
				ASSETCATALOG_COMPILER_LAUNCHIMAGE_NAME = LaunchImage;
				CODE_SIGN_ENTITLEMENTS = photowall/photowall.entitlements;
				DEVELOPMENT_TEAM = 479P3H2UN3;
				INFOPLIST_FILE = photowall/Info.plist;
				IPHONEOS_DEPLOYMENT_TARGET = 10.0;
				LD_RUNPATH_SEARCH_PATHS = "$(inherited) @executable_path/Frameworks";
				PRODUCT_BUNDLE_IDENTIFIER = picowork.photowall;
				PRODUCT_NAME = "$(TARGET_NAME)";
				TARGETED_DEVICE_FAMILY = 1;
			};
			name = Release;
		};
		1E5B4F1C1E8619DD003F1239 /* Debug */ = {
			isa = XCBuildConfiguration;
			baseConfigurationReference = 1F738D6CE5D212EC55F2FBF6 /* Pods-photowall-photowallTests.debug.xcconfig */;
			buildSettings = {
				BUNDLE_LOADER = "$(TEST_HOST)";
				INFOPLIST_FILE = photowallTests/Info.plist;
				LD_RUNPATH_SEARCH_PATHS = "$(inherited) @executable_path/Frameworks @loader_path/Frameworks";
				PRODUCT_BUNDLE_IDENTIFIER = picowork.photowallTests;
				PRODUCT_NAME = "$(TARGET_NAME)";
				TEST_HOST = "$(BUILT_PRODUCTS_DIR)/photowall.app/photowall";
			};
			name = Debug;
		};
		1E5B4F1D1E8619DD003F1239 /* Release */ = {
			isa = XCBuildConfiguration;
			baseConfigurationReference = 432CC38A78A17AE6E9B86F05 /* Pods-photowall-photowallTests.release.xcconfig */;
			buildSettings = {
				BUNDLE_LOADER = "$(TEST_HOST)";
				INFOPLIST_FILE = photowallTests/Info.plist;
				LD_RUNPATH_SEARCH_PATHS = "$(inherited) @executable_path/Frameworks @loader_path/Frameworks";
				PRODUCT_BUNDLE_IDENTIFIER = picowork.photowallTests;
				PRODUCT_NAME = "$(TARGET_NAME)";
				TEST_HOST = "$(BUILT_PRODUCTS_DIR)/photowall.app/photowall";
			};
			name = Release;
		};
/* End XCBuildConfiguration section */

/* Begin XCConfigurationList section */
		1E5B4EEE1E8619DC003F1239 /* Build configuration list for PBXProject "photowall" */ = {
			isa = XCConfigurationList;
			buildConfigurations = (
				1E5B4F161E8619DD003F1239 /* Debug */,
				1E5B4F171E8619DD003F1239 /* Release */,
			);
			defaultConfigurationIsVisible = 0;
			defaultConfigurationName = Release;
		};
		1E5B4F181E8619DD003F1239 /* Build configuration list for PBXNativeTarget "photowall" */ = {
			isa = XCConfigurationList;
			buildConfigurations = (
				1E5B4F191E8619DD003F1239 /* Debug */,
				1E5B4F1A1E8619DD003F1239 /* Release */,
			);
			defaultConfigurationIsVisible = 0;
			defaultConfigurationName = Release;
		};
		1E5B4F1B1E8619DD003F1239 /* Build configuration list for PBXNativeTarget "photowallTests" */ = {
			isa = XCConfigurationList;
			buildConfigurations = (
				1E5B4F1C1E8619DD003F1239 /* Debug */,
				1E5B4F1D1E8619DD003F1239 /* Release */,
			);
			defaultConfigurationIsVisible = 0;
			defaultConfigurationName = Release;
		};
/* End XCConfigurationList section */

/* Begin XCVersionGroup section */
		1E5B4F021E8619DD003F1239 /* photowall.xcdatamodeld */ = {
			isa = XCVersionGroup;
			children = (
				1E9B85121E98AF6C0081B251 /* photowallv2.xcdatamodel */,
				1E5B4F031E8619DD003F1239 /* photowall.xcdatamodel */,
			);
			currentVersion = 1E9B85121E98AF6C0081B251 /* photowallv2.xcdatamodel */;
			path = photowall.xcdatamodeld;
			sourceTree = "<group>";
			versionGroupType = wrapper.xcdatamodel;
		};
/* End XCVersionGroup section */
	};
	rootObject = 1E5B4EEB1E8619DC003F1239 /* Project object */;
}
